
Microsoft Visual Studio Solution File, Format Version 12.00
# Visual Studio Version 17
Project("{8BC9CEB8-8B4A-11D0-8D11-00A0C91BC942}") = "ALL_BUILD", "ALL_BUILD.vcxproj", "{500F3AE5-A08F-3CEB-9518-C5C80949319B}"
	ProjectSection(ProjectDependencies) = postProject
		{49039EF1-EF35-34BB-95E8-3088AC4B8A92} = {49039EF1-EF35-34BB-95E8-3088AC4B8A92}
		{845F39D4-4190-3D25-8C1B-BE27993D9ABD} = {845F39D4-4190-3D25-8C1B-BE27993D9ABD}
		{E1B90F5E-6141-39A3-9B8E-A3F9765A2CD1} = {E1B90F5E-6141-39A3-9B8E-A3F9765A2CD1}
		{641A8461-75C7-3BE6-B7BF-497325494A67} = {641A8461-75C7-3BE6-B7BF-497325494A67}
		{0C9CF207-CB8D-3E0F-A2BE-0BD81A063781} = {0C9CF207-CB8D-3E0F-A2BE-0BD81A063781}
	EndProjectSection
EndProject
Project("{8BC9CEB8-8B4A-11D0-8D11-00A0C91BC942}") = "HelloWorld", "mains\HelloWorld.vcxproj", "{49039EF1-EF35-34BB-95E8-3088AC4B8A92}"
	ProjectSection(ProjectDependencies) = postProject
		{845F39D4-4190-3D25-8C1B-BE27993D9ABD} = {845F39D4-4190-3D25-8C1B-BE27993D9ABD}
		{E1B90F5E-6141-39A3-9B8E-A3F9765A2CD1} = {E1B90F5E-6141-39A3-9B8E-A3F9765A2CD1}
	EndProjectSection
EndProject
Project("{8BC9CEB8-8B4A-11D0-8D11-00A0C91BC942}") = "RUN_TESTS", "RUN_TESTS.vcxproj", "{FE1E971A-7FB4-3942-8A29-0723FEAFD02C}"
	ProjectSection(ProjectDependencies) = postProject
		{845F39D4-4190-3D25-8C1B-BE27993D9ABD} = {845F39D4-4190-3D25-8C1B-BE27993D9ABD}
	EndProjectSection
EndProject
Project("{8BC9CEB8-8B4A-11D0-8D11-00A0C91BC942}") = "ZERO_CHECK", "ZERO_CHECK.vcxproj", "{845F39D4-4190-3D25-8C1B-BE27993D9ABD}"
	ProjectSection(ProjectDependencies) = postProject
	EndProjectSection
EndProject
Project("{8BC9CEB8-8B4A-11D0-8D11-00A0C91BC942}") = "basic", "src\basic\basic.vcxproj", "{E1B90F5E-6141-39A3-9B8E-A3F9765A2CD1}"
	ProjectSection(ProjectDependencies) = postProject
		{845F39D4-4190-3D25-8C1B-BE27993D9ABD} = {845F39D4-4190-3D25-8C1B-BE27993D9ABD}
	EndProjectSection
EndProject
Project("{8BC9CEB8-8B4A-11D0-8D11-00A0C91BC942}") = "test_hello", "tests\test_hello.vcxproj", "{641A8461-75C7-3BE6-B7BF-497325494A67}"
	ProjectSection(ProjectDependencies) = postProject
		{845F39D4-4190-3D25-8C1B-BE27993D9ABD} = {845F39D4-4190-3D25-8C1B-BE27993D9ABD}
		{E1B90F5E-6141-39A3-9B8E-A3F9765A2CD1} = {E1B90F5E-6141-39A3-9B8E-A3F9765A2CD1}
	EndProjectSection
EndProject
Project("{8BC9CEB8-8B4A-11D0-8D11-00A0C91BC942}") = "test_version", "tests\test_version.vcxproj", "{0C9CF207-CB8D-3E0F-A2BE-0BD81A063781}"
	ProjectSection(ProjectDependencies) = postProject
		{845F39D4-4190-3D25-8C1B-BE27993D9ABD} = {845F39D4-4190-3D25-8C1B-BE27993D9ABD}
		{E1B90F5E-6141-39A3-9B8E-A3F9765A2CD1} = {E1B90F5E-6141-39A3-9B8E-A3F9765A2CD1}
	EndProjectSection
EndProject
Global
	GlobalSection(SolutionConfigurationPlatforms) = preSolution
		Debug|x64 = Debug|x64
		Release|x64 = Release|x64
		MinSizeRel|x64 = MinSizeRel|x64
		RelWithDebInfo|x64 = RelWithDebInfo|x64
	EndGlobalSection
	GlobalSection(ProjectConfigurationPlatforms) = postSolution
		{500F3AE5-A08F-3CEB-9518-C5C80949319B}.Debug|x64.ActiveCfg = Debug|x64
		{500F3AE5-A08F-3CEB-9518-C5C80949319B}.Release|x64.ActiveCfg = Release|x64
		{500F3AE5-A08F-3CEB-9518-C5C80949319B}.MinSizeRel|x64.ActiveCfg = MinSizeRel|x64
		{500F3AE5-A08F-3CEB-9518-C5C80949319B}.RelWithDebInfo|x64.ActiveCfg = RelWithDebInfo|x64
		{49039EF1-EF35-34BB-95E8-3088AC4B8A92}.Debug|x64.ActiveCfg = Debug|x64
		{49039EF1-EF35-34BB-95E8-3088AC4B8A92}.Debug|x64.Build.0 = Debug|x64
		{49039EF1-EF35-34BB-95E8-3088AC4B8A92}.Release|x64.ActiveCfg = Release|x64
		{49039EF1-EF35-34BB-95E8-3088AC4B8A92}.Release|x64.Build.0 = Release|x64
		{49039EF1-EF35-34BB-95E8-3088AC4B8A92}.MinSizeRel|x64.ActiveCfg = MinSizeRel|x64
		{49039EF1-EF35-34BB-95E8-3088AC4B8A92}.MinSizeRel|x64.Build.0 = MinSizeRel|x64
		{49039EF1-EF35-34BB-95E8-3088AC4B8A92}.RelWithDebInfo|x64.ActiveCfg = RelWithDebInfo|x64
		{49039EF1-EF35-34BB-95E8-3088AC4B8A92}.RelWithDebInfo|x64.Build.0 = RelWithDebInfo|x64
		{FE1E971A-7FB4-3942-8A29-0723FEAFD02C}.Debug|x64.ActiveCfg = Debug|x64
		{FE1E971A-7FB4-3942-8A29-0723FEAFD02C}.Release|x64.ActiveCfg = Release|x64
		{FE1E971A-7FB4-3942-8A29-0723FEAFD02C}.MinSizeRel|x64.ActiveCfg = MinSizeRel|x64
		{FE1E971A-7FB4-3942-8A29-0723FEAFD02C}.RelWithDebInfo|x64.ActiveCfg = RelWithDebInfo|x64
		{845F39D4-4190-3D25-8C1B-BE27993D9ABD}.Debug|x64.ActiveCfg = Debug|x64
		{845F39D4-4190-3D25-8C1B-BE27993D9ABD}.Debug|x64.Build.0 = Debug|x64
		{845F39D4-4190-3D25-8C1B-BE27993D9ABD}.Release|x64.ActiveCfg = Release|x64
		{845F39D4-4190-3D25-8C1B-BE27993D9ABD}.Release|x64.Build.0 = Release|x64
		{845F39D4-4190-3D25-8C1B-BE27993D9ABD}.MinSizeRel|x64.ActiveCfg = MinSizeRel|x64
		{845F39D4-4190-3D25-8C1B-BE27993D9ABD}.MinSizeRel|x64.Build.0 = MinSizeRel|x64
		{845F39D4-4190-3D25-8C1B-BE27993D9ABD}.RelWithDebInfo|x64.ActiveCfg = RelWithDebInfo|x64
		{845F39D4-4190-3D25-8C1B-BE27993D9ABD}.RelWithDebInfo|x64.Build.0 = RelWithDebInfo|x64
		{E1B90F5E-6141-39A3-9B8E-A3F9765A2CD1}.Debug|x64.ActiveCfg = Debug|x64
		{E1B90F5E-6141-39A3-9B8E-A3F9765A2CD1}.Debug|x64.Build.0 = Debug|x64
		{E1B90F5E-6141-39A3-9B8E-A3F9765A2CD1}.Release|x64.ActiveCfg = Release|x64
		{E1B90F5E-6141-39A3-9B8E-A3F9765A2CD1}.Release|x64.Build.0 = Release|x64
		{E1B90F5E-6141-39A3-9B8E-A3F9765A2CD1}.MinSizeRel|x64.ActiveCfg = MinSizeRel|x64
		{E1B90F5E-6141-39A3-9B8E-A3F9765A2CD1}.MinSizeRel|x64.Build.0 = MinSizeRel|x64
		{E1B90F5E-6141-39A3-9B8E-A3F9765A2CD1}.RelWithDebInfo|x64.ActiveCfg = RelWithDebInfo|x64
		{E1B90F5E-6141-39A3-9B8E-A3F9765A2CD1}.RelWithDebInfo|x64.Build.0 = RelWithDebInfo|x64
		{641A8461-75C7-3BE6-B7BF-497325494A67}.Debug|x64.ActiveCfg = Debug|x64
		{641A8461-75C7-3BE6-B7BF-497325494A67}.Debug|x64.Build.0 = Debug|x64
		{641A8461-75C7-3BE6-B7BF-497325494A67}.Release|x64.ActiveCfg = Release|x64
		{641A8461-75C7-3BE6-B7BF-497325494A67}.Release|x64.Build.0 = Release|x64
		{641A8461-75C7-3BE6-B7BF-497325494A67}.MinSizeRel|x64.ActiveCfg = MinSizeRel|x64
		{641A8461-75C7-3BE6-B7BF-497325494A67}.MinSizeRel|x64.Build.0 = MinSizeRel|x64
		{641A8461-75C7-3BE6-B7BF-497325494A67}.RelWithDebInfo|x64.ActiveCfg = RelWithDebInfo|x64
		{641A8461-75C7-3BE6-B7BF-497325494A67}.RelWithDebInfo|x64.Build.0 = RelWithDebInfo|x64
		{0C9CF207-CB8D-3E0F-A2BE-0BD81A063781}.Debug|x64.ActiveCfg = Debug|x64
		{0C9CF207-CB8D-3E0F-A2BE-0BD81A063781}.Debug|x64.Build.0 = Debug|x64
		{0C9CF207-CB8D-3E0F-A2BE-0BD81A063781}.Release|x64.ActiveCfg = Release|x64
		{0C9CF207-CB8D-3E0F-A2BE-0BD81A063781}.Release|x64.Build.0 = Release|x64
		{0C9CF207-CB8D-3E0F-A2BE-0BD81A063781}.MinSizeRel|x64.ActiveCfg = MinSizeRel|x64
		{0C9CF207-CB8D-3E0F-A2BE-0BD81A063781}.MinSizeRel|x64.Build.0 = MinSizeRel|x64
		{0C9CF207-CB8D-3E0F-A2BE-0BD81A063781}.RelWithDebInfo|x64.ActiveCfg = RelWithDebInfo|x64
		{0C9CF207-CB8D-3E0F-A2BE-0BD81A063781}.RelWithDebInfo|x64.Build.0 = RelWithDebInfo|x64
	EndGlobalSection
	GlobalSection(ExtensibilityGlobals) = postSolution
		SolutionGuid = {EC9DCB9D-5E9D-31B7-973F-CDB0A66A3929}
	EndGlobalSection
	GlobalSection(ExtensibilityAddIns) = postSolution
	EndGlobalSection
EndGlobal
